
Microsoft Visual Studio Solution File, Format Version 12.00
# Visual Studio Version 16
VisualStudioVersion = 16.0.30611.23
MinimumVisualStudioVersion = 10.0.40219.1
Project("{FAE04EC0-301F-11D3-BF4B-00C04F79EFBC}") = "HWEShop", "HWEShop\HWEShop.csproj", "{3DF44CE4-47A5-42DA-9140-327BABA0F7EC}"
EndProject
Global
	GlobalSection(SolutionConfigurationPlatforms) = preSolution
		Debug|Any CPU = Debug|Any CPU
		Release|Any CPU = Release|Any CPU
	EndGlobalSection
	GlobalSection(ProjectConfigurationPlatforms) = postSolution
		{3DF44CE4-47A5-42DA-9140-327BABA0F7EC}.Debug|Any CPU.ActiveCfg = Debug|Any CPU
		{3DF44CE4-47A5-42DA-9140-327BABA0F7EC}.Debug|Any CPU.Build.0 = Debug|Any CPU
		{3DF44CE4-47A5-42DA-9140-327BABA0F7EC}.Release|Any CPU.ActiveCfg = Release|Any CPU
		{3DF44CE4-47A5-42DA-9140-327BABA0F7EC}.Release|Any CPU.Build.0 = Release|Any CPU
	EndGlobalSection
	GlobalSection(SolutionProperties) = preSolution
		HideSolutionNode = FALSE
	EndGlobalSection
	GlobalSection(ExtensibilityGlobals) = postSolution
		SolutionGuid = {7F061698-1367-4109-8590-4A13DED5A7E6}
	EndGlobalSection
EndGlobal
